
Microsoft Visual Studio Solution File, Format Version 12.00
# Visual Studio Version 17
VisualStudioVersion = 17.12.35506.116 d17.12
MinimumVisualStudioVersion = 10.0.40219.1
Project("{FAE04EC0-301F-11D3-BF4B-00C04F79EFBC}") = "pic2meme", "pic2meme\pic2meme.csproj", "{B5E4F054-95C5-41B1-A983-630F2096737A}"
EndProject
Project("{2150E333-8FDC-42A3-9474-1A3956D46DE8}") = "Solution Items", "Solution Items", "{893797D2-C519-4210-A88A-C29C6C8A9AFA}"
	ProjectSection(SolutionItems) = preProject
		.editorconfig = .editorconfig
	EndProjectSection
EndProject
Global
	GlobalSection(SolutionConfigurationPlatforms) = preSolution
		Debug|Any CPU = Debug|Any CPU
		Release|Any CPU = Release|Any CPU
	EndGlobalSection
	GlobalSection(ProjectConfigurationPlatforms) = postSolution
		{B5E4F054-95C5-41B1-A983-630F2096737A}.Debug|Any CPU.ActiveCfg = Debug|Any CPU
		{B5E4F054-95C5-41B1-A983-630F2096737A}.Debug|Any CPU.Build.0 = Debug|Any CPU
		{B5E4F054-95C5-41B1-A983-630F2096737A}.Release|Any CPU.ActiveCfg = Release|Any CPU
		{B5E4F054-95C5-41B1-A983-630F2096737A}.Release|Any CPU.Build.0 = Release|Any CPU
	EndGlobalSection
	GlobalSection(SolutionProperties) = preSolution
		HideSolutionNode = FALSE
	EndGlobalSection
	GlobalSection(ExtensibilityGlobals) = postSolution
		SolutionGuid = {06E2414B-14FA-44F1-B3AB-E295CF61874E}
	EndGlobalSection
EndGlobal
